github.com/BurntSushi/xgb v0.0.0-20201008132610-5f9e7b3c49cd h1:u7K2oMFMd8APDV3fM1j2rO3U/XJf1g1qC3DDTKou8iM=
github.com/BurntSushi/xgb v0.0.0-20201008132610-5f9e7b3c49cd/go.mod h1:IVnqGOEym/WlBOVXweHU+Q+/VP0lqqI8lqeDx9IjBqo=
github.com/andybons/gogif v0.0.0-20140526152223-16d573594812 h1:WBBv0ka2SO7Ut4bpskb87E9cHNnJabqA6VoBTex0Jng=
github.com/andybons/gogif v0.0.0-20140526152223-16d573594812/go.mod h1:lkVwYUDYv/mJZK69J7BP7HRUhHEAone7OQHFBRnhQdQ=
github.com/vova616/screenshot v0.0.0-20191005130345-da36db2560ab h1:vUMgeWLl6VfXlgjNYPrSZrgEVeLTQygricKsAcJjBZ0=
github.com/vova616/screenshot v0.0.0-20191005130345-da36db2560ab/go.mod h1:gjlNhAXON0uGGilpsAZpMx5bN1ZVavUlJETHif7w4HQ=
